
Microsoft Visual Studio Solution File, Format Version 12.00
# Visual Studio 15
VisualStudioVersion = 15.0.27004.2006
MinimumVisualStudioVersion = 10.0.40219.1
Project("{FAE04EC0-301F-11D3-BF4B-00C04F79EFBC}") = "WebApplication4", "WebApplication4\WebApplication4.csproj", "{69455763-401B-4715-BA9F-4E4A952B1040}"
EndProject
Global
	GlobalSection(SolutionConfigurationPlatforms) = preSolution
		Debug|Any CPU = Debug|Any CPU
		Release|Any CPU = Release|Any CPU
	EndGlobalSection
	GlobalSection(ProjectConfigurationPlatforms) = postSolution
		{69455763-401B-4715-BA9F-4E4A952B1040}.Debug|Any CPU.ActiveCfg = Debug|Any CPU
		{69455763-401B-4715-BA9F-4E4A952B1040}.Debug|Any CPU.Build.0 = Debug|Any CPU
		{69455763-401B-4715-BA9F-4E4A952B1040}.Release|Any CPU.ActiveCfg = Release|Any CPU
		{69455763-401B-4715-BA9F-4E4A952B1040}.Release|Any CPU.Build.0 = Release|Any CPU
	EndGlobalSection
	GlobalSection(SolutionProperties) = preSolution
		HideSolutionNode = FALSE
	EndGlobalSection
	GlobalSection(ExtensibilityGlobals) = postSolution
		SolutionGuid = {00639F56-67F3-42D5-AC64-F706801D6246}
	EndGlobalSection
EndGlobal
